
Microsoft Visual Studio Solution File, Format Version 12.00
# Visual Studio 15
VisualStudioVersion = 15.0.27130.2036
MinimumVisualStudioVersion = 10.0.40219.1
Project("{FAE04EC0-301F-11D3-BF4B-00C04F79EFBC}") = "robot", "robot\robot.csproj", "{EE40A300-FDAB-44EF-B40E-696DB9F1DCD1}"
EndProject
Global
	GlobalSection(SolutionConfigurationPlatforms) = preSolution
		Debug|Any CPU = Debug|Any CPU
		Release|Any CPU = Release|Any CPU
	EndGlobalSection
	GlobalSection(ProjectConfigurationPlatforms) = postSolution
		{EE40A300-FDAB-44EF-B40E-696DB9F1DCD1}.Debug|Any CPU.ActiveCfg = Debug|Any CPU
		{EE40A300-FDAB-44EF-B40E-696DB9F1DCD1}.Debug|Any CPU.Build.0 = Debug|Any CPU
		{EE40A300-FDAB-44EF-B40E-696DB9F1DCD1}.Release|Any CPU.ActiveCfg = Release|Any CPU
		{EE40A300-FDAB-44EF-B40E-696DB9F1DCD1}.Release|Any CPU.Build.0 = Release|Any CPU
	EndGlobalSection
	GlobalSection(SolutionProperties) = preSolution
		HideSolutionNode = FALSE
	EndGlobalSection
	GlobalSection(ExtensibilityGlobals) = postSolution
		SolutionGuid = {7F0C0873-4C81-4548-ACCA-C1CA1633D772}
	EndGlobalSection
EndGlobal
